// !$*UTF8*$!
{
	archiveVersion = 1;
	classes = {
	};
	objectVersion = 46;
	objects = {

/* Begin PBXBuildFile section */
		A1C42EA513FFD90100679749 /* UIKit.framework in Frameworks */ = {isa = PBXBuildFile; fileRef = A1C42EA413FFD90100679749 /* UIKit.framework */; };
		A1C42EA713FFD90100679749 /* Foundation.framework in Frameworks */ = {isa = PBXBuildFile; fileRef = A1C42EA613FFD90100679749 /* Foundation.framework */; };
		A1C42EA913FFD90100679749 /* CoreGraphics.framework in Frameworks */ = {isa = PBXBuildFile; fileRef = A1C42EA813FFD90100679749 /* CoreGraphics.framework */; };
		A1C42EAF13FFD90100679749 /* InfoPlist.strings in Resources */ = {isa = PBXBuildFile; fileRef = A1C42EAD13FFD90100679749 /* InfoPlist.strings */; };
		A1C42EB113FFD90100679749 /* main.m in Sources */ = {isa = PBXBuildFile; fileRef = A1C42EB013FFD90100679749 /* main.m */; };
		A1C42EB513FFD90100679749 /* ExampleAppDelegate.m in Sources */ = {isa = PBXBuildFile; fileRef = A1C42EB413FFD90100679749 /* ExampleAppDelegate.m */; };
		A1C42EB813FFD90100679749 /* MainWindow.xib in Resources */ = {isa = PBXBuildFile; fileRef = A1C42EB613FFD90100679749 /* MainWindow.xib */; };
		A1C42EC013FFD90100679749 /* SenTestingKit.framework in Frameworks */ = {isa = PBXBuildFile; fileRef = A1C42EBF13FFD90100679749 /* SenTestingKit.framework */; };
		A1C42EC113FFD90100679749 /* UIKit.framework in Frameworks */ = {isa = PBXBuildFile; fileRef = A1C42EA413FFD90100679749 /* UIKit.framework */; };
		A1C42EC213FFD90100679749 /* Foundation.framework in Frameworks */ = {isa = PBXBuildFile; fileRef = A1C42EA613FFD90100679749 /* Foundation.framework */; };
		A1C42EC313FFD90100679749 /* CoreGraphics.framework in Frameworks */ = {isa = PBXBuildFile; fileRef = A1C42EA813FFD90100679749 /* CoreGraphics.framework */; };
		A1C42ECB13FFD90100679749 /* InfoPlist.strings in Resources */ = {isa = PBXBuildFile; fileRef = A1C42EC913FFD90100679749 /* InfoPlist.strings */; };
		A1C42ECD13FFD90100679749 /* ExampleTests.h in Resources */ = {isa = PBXBuildFile; fileRef = A1C42ECC13FFD90100679749 /* ExampleTests.h */; };
		A1C42ECF13FFD90100679749 /* ExampleTests.m in Sources */ = {isa = PBXBuildFile; fileRef = A1C42ECE13FFD90100679749 /* ExampleTests.m */; };
		A1C42EE113FFD9D600679749 /* AJSiTunesAPI.m in Sources */ = {isa = PBXBuildFile; fileRef = A1C42EDB13FFD9D600679749 /* AJSiTunesAPI.m */; };
		A1C42EE213FFD9D600679749 /* AJSiTunesResult.m in Sources */ = {isa = PBXBuildFile; fileRef = A1C42EDE13FFD9D600679749 /* AJSiTunesResult.m */; };
		A1C42EE313FFD9D600679749 /* NSDictionary+AJSAdditions.m in Sources */ = {isa = PBXBuildFile; fileRef = A1C42EE013FFD9D600679749 /* NSDictionary+AJSAdditions.m */; };
		A1C431A1140005F600679749 /* ASIDataCompressor.m in Sources */ = {isa = PBXBuildFile; fileRef = A1C42F16140005F400679749 /* ASIDataCompressor.m */; };
		A1C431A2140005F600679749 /* ASIDataDecompressor.m in Sources */ = {isa = PBXBuildFile; fileRef = A1C42F18140005F400679749 /* ASIDataDecompressor.m */; };
		A1C431A3140005F600679749 /* ASIDownloadCache.m in Sources */ = {isa = PBXBuildFile; fileRef = A1C42F1A140005F400679749 /* ASIDownloadCache.m */; };
		A1C431A4140005F600679749 /* ASIFormDataRequest.m in Sources */ = {isa = PBXBuildFile; fileRef = A1C42F1C140005F400679749 /* ASIFormDataRequest.m */; };
		A1C431A5140005F600679749 /* ASIHTTPRequest.m in Sources */ = {isa = PBXBuildFile; fileRef = A1C42F1E140005F400679749 /* ASIHTTPRequest.m */; };
		A1C431A6140005F600679749 /* ASIInputStream.m in Sources */ = {isa = PBXBuildFile; fileRef = A1C42F22140005F400679749 /* ASIInputStream.m */; };
		A1C431A7140005F600679749 /* ASINetworkQueue.m in Sources */ = {isa = PBXBuildFile; fileRef = A1C42F24140005F400679749 /* ASINetworkQueue.m */; };
		A1C43202140005F600679749 /* NSObject+SBJson.m in Sources */ = {isa = PBXBuildFile; fileRef = A1C42FD2140005F400679749 /* NSObject+SBJson.m */; };
		A1C43203140005F600679749 /* SBJsonParser.m in Sources */ = {isa = PBXBuildFile; fileRef = A1C42FD5140005F400679749 /* SBJsonParser.m */; };
		A1C43204140005F600679749 /* SBJsonStreamParser.m in Sources */ = {isa = PBXBuildFile; fileRef = A1C42FD7140005F400679749 /* SBJsonStreamParser.m */; };
		A1C43205140005F600679749 /* SBJsonStreamParserAccumulator.m in Sources */ = {isa = PBXBuildFile; fileRef = A1C42FD9140005F400679749 /* SBJsonStreamParserAccumulator.m */; };
		A1C43206140005F600679749 /* SBJsonStreamParserState.m in Sources */ = {isa = PBXBuildFile; fileRef = A1C42FDB140005F400679749 /* SBJsonStreamParserState.m */; };
		A1C43207140005F600679749 /* SBJsonStreamWriter.m in Sources */ = {isa = PBXBuildFile; fileRef = A1C42FDD140005F400679749 /* SBJsonStreamWriter.m */; };
		A1C43208140005F600679749 /* SBJsonStreamWriterAccumulator.m in Sources */ = {isa = PBXBuildFile; fileRef = A1C42FDF140005F400679749 /* SBJsonStreamWriterAccumulator.m */; };
		A1C43209140005F600679749 /* SBJsonStreamWriterState.m in Sources */ = {isa = PBXBuildFile; fileRef = A1C42FE1140005F400679749 /* SBJsonStreamWriterState.m */; };
		A1C4320A140005F600679749 /* SBJsonTokeniser.m in Sources */ = {isa = PBXBuildFile; fileRef = A1C42FE3140005F400679749 /* SBJsonTokeniser.m */; };
		A1C4320B140005F600679749 /* SBJsonUTF8Stream.m in Sources */ = {isa = PBXBuildFile; fileRef = A1C42FE5140005F400679749 /* SBJsonUTF8Stream.m */; };
		A1C4320C140005F600679749 /* SBJsonWriter.m in Sources */ = {isa = PBXBuildFile; fileRef = A1C42FE7140005F400679749 /* SBJsonWriter.m */; };
		A1C4334C140006FA00679749 /* NSString+AJSAdditions.m in Sources */ = {isa = PBXBuildFile; fileRef = A1C4334B140006FA00679749 /* NSString+AJSAdditions.m */; };
		A1C433501400113A00679749 /* ExampleTableViewController.m in Sources */ = {isa = PBXBuildFile; fileRef = A1C4334E1400113A00679749 /* ExampleTableViewController.m */; };
		A1C433511400113A00679749 /* ExampleTableViewController.xib in Resources */ = {isa = PBXBuildFile; fileRef = A1C4334F1400113A00679749 /* ExampleTableViewController.xib */; };
		A1C43356140014DD00679749 /* CFNetwork.framework in Frameworks */ = {isa = PBXBuildFile; fileRef = A1C43352140014DD00679749 /* CFNetwork.framework */; };
		A1C43358140014DD00679749 /* MobileCoreServices.framework in Frameworks */ = {isa = PBXBuildFile; fileRef = A1C43354140014DD00679749 /* MobileCoreServices.framework */; };
		A1C43359140014DD00679749 /* SystemConfiguration.framework in Frameworks */ = {isa = PBXBuildFile; fileRef = A1C43355140014DD00679749 /* SystemConfiguration.framework */; };
		A1C4335D140014F700679749 /* Reachability.m in Sources */ = {isa = PBXBuildFile; fileRef = A1C4335C140014F700679749 /* Reachability.m */; };
		A1C433601400151500679749 /* ASIAuthenticationDialog.m in Sources */ = {isa = PBXBuildFile; fileRef = A1C4335F1400151500679749 /* ASIAuthenticationDialog.m */; };
		A1C4336414001F0000679749 /* ISO8601DateFormatter.m in Sources */ = {isa = PBXBuildFile; fileRef = A1C4336214001F0000679749 /* ISO8601DateFormatter.m */; };
		A1C4336514001F0000679749 /* LICENSE.txt in Resources */ = {isa = PBXBuildFile; fileRef = A1C4336314001F0000679749 /* LICENSE.txt */; };
		A1FD1BED145E059800AC52AF /* libz.1.2.5.dylib in Frameworks */ = {isa = PBXBuildFile; fileRef = A1FD1BEC145E059800AC52AF /* libz.1.2.5.dylib */; };
/* End PBXBuildFile section */

/* Begin PBXContainerItemProxy section */
		A1C42EC413FFD90100679749 /* PBXContainerItemProxy */ = {
			isa = PBXContainerItemProxy;
			containerPortal = A1C42E9713FFD90000679749 /* Project object */;
			proxyType = 1;
			remoteGlobalIDString = A1C42E9F13FFD90000679749;
			remoteInfo = Example;
		};
/* End PBXContainerItemProxy section */

/* Begin PBXFileReference section */
		A1C42EA013FFD90000679749 /* Example.app */ = {isa = PBXFileReference; explicitFileType = wrapper.application; includeInIndex = 0; path = Example.app; sourceTree = BUILT_PRODUCTS_DIR; };
		A1C42EA413FFD90100679749 /* UIKit.framework */ = {isa = PBXFileReference; lastKnownFileType = wrapper.framework; name = UIKit.framework; path = System/Library/Frameworks/UIKit.framework; sourceTree = SDKROOT; };
		A1C42EA613FFD90100679749 /* Foundation.framework */ = {isa = PBXFileReference; lastKnownFileType = wrapper.framework; name = Foundation.framework; path = System/Library/Frameworks/Foundation.framework; sourceTree = SDKROOT; };
		A1C42EA813FFD90100679749 /* CoreGraphics.framework */ = {isa = PBXFileReference; lastKnownFileType = wrapper.framework; name = CoreGraphics.framework; path = System/Library/Frameworks/CoreGraphics.framework; sourceTree = SDKROOT; };
		A1C42EAC13FFD90100679749 /* Example-Info.plist */ = {isa = PBXFileReference; lastKnownFileType = text.plist.xml; path = "Example-Info.plist"; sourceTree = "<group>"; };
		A1C42EAE13FFD90100679749 /* en */ = {isa = PBXFileReference; lastKnownFileType = text.plist.strings; name = en; path = en.lproj/InfoPlist.strings; sourceTree = "<group>"; };
		A1C42EB013FFD90100679749 /* main.m */ = {isa = PBXFileReference; lastKnownFileType = sourcecode.c.objc; path = main.m; sourceTree = "<group>"; };
		A1C42EB213FFD90100679749 /* Example-Prefix.pch */ = {isa = PBXFileReference; lastKnownFileType = sourcecode.c.h; path = "Example-Prefix.pch"; sourceTree = "<group>"; };
		A1C42EB313FFD90100679749 /* ExampleAppDelegate.h */ = {isa = PBXFileReference; lastKnownFileType = sourcecode.c.h; path = ExampleAppDelegate.h; sourceTree = "<group>"; };
		A1C42EB413FFD90100679749 /* ExampleAppDelegate.m */ = {isa = PBXFileReference; lastKnownFileType = sourcecode.c.objc; path = ExampleAppDelegate.m; sourceTree = "<group>"; };
		A1C42EB713FFD90100679749 /* en */ = {isa = PBXFileReference; lastKnownFileType = file.xib; name = en; path = en.lproj/MainWindow.xib; sourceTree = "<group>"; };
		A1C42EBE13FFD90100679749 /* ExampleTests.octest */ = {isa = PBXFileReference; explicitFileType = wrapper.cfbundle; includeInIndex = 0; path = ExampleTests.octest; sourceTree = BUILT_PRODUCTS_DIR; };
		A1C42EBF13FFD90100679749 /* SenTestingKit.framework */ = {isa = PBXFileReference; lastKnownFileType = wrapper.framework; name = SenTestingKit.framework; path = Library/Frameworks/SenTestingKit.framework; sourceTree = DEVELOPER_DIR; };
		A1C42EC813FFD90100679749 /* ExampleTests-Info.plist */ = {isa = PBXFileReference; lastKnownFileType = text.plist.xml; path = "ExampleTests-Info.plist"; sourceTree = "<group>"; };
		A1C42ECA13FFD90100679749 /* en */ = {isa = PBXFileReference; lastKnownFileType = text.plist.strings; name = en; path = en.lproj/InfoPlist.strings; sourceTree = "<group>"; };
		A1C42ECC13FFD90100679749 /* ExampleTests.h */ = {isa = PBXFileReference; lastKnownFileType = sourcecode.c.h; path = ExampleTests.h; sourceTree = "<group>"; };
		A1C42ECE13FFD90100679749 /* ExampleTests.m */ = {isa = PBXFileReference; lastKnownFileType = sourcecode.c.objc; path = ExampleTests.m; sourceTree = "<group>"; };
		A1C42EDA13FFD9D600679749 /* AJSiTunesAPI.h */ = {isa = PBXFileReference; fileEncoding = 4; lastKnownFileType = sourcecode.c.h; name = AJSiTunesAPI.h; path = ../../Classes/AJSiTunesAPI.h; sourceTree = "<group>"; };
		A1C42EDB13FFD9D600679749 /* AJSiTunesAPI.m */ = {isa = PBXFileReference; fileEncoding = 4; lastKnownFileType = sourcecode.c.objc; name = AJSiTunesAPI.m; path = ../../Classes/AJSiTunesAPI.m; sourceTree = "<group>"; };
		A1C42EDC13FFD9D600679749 /* AJSiTunesAPIDelegate.h */ = {isa = PBXFileReference; fileEncoding = 4; lastKnownFileType = sourcecode.c.h; name = AJSiTunesAPIDelegate.h; path = ../../Classes/AJSiTunesAPIDelegate.h; sourceTree = "<group>"; };
		A1C42EDD13FFD9D600679749 /* AJSiTunesResult.h */ = {isa = PBXFileReference; fileEncoding = 4; lastKnownFileType = sourcecode.c.h; name = AJSiTunesResult.h; path = ../../Classes/AJSiTunesResult.h; sourceTree = "<group>"; };
		A1C42EDE13FFD9D600679749 /* AJSiTunesResult.m */ = {isa = PBXFileReference; fileEncoding = 4; lastKnownFileType = sourcecode.c.objc; name = AJSiTunesResult.m; path = ../../Classes/AJSiTunesResult.m; sourceTree = "<group>"; };
		A1C42EDF13FFD9D600679749 /* NSDictionary+AJSAdditions.h */ = {isa = PBXFileReference; fileEncoding = 4; lastKnownFileType = sourcecode.c.h; name = "NSDictionary+AJSAdditions.h"; path = "../../Classes/NSDictionary+AJSAdditions.h"; sourceTree = "<group>"; };
		A1C42EE013FFD9D600679749 /* NSDictionary+AJSAdditions.m */ = {isa = PBXFileReference; fileEncoding = 4; lastKnownFileType = sourcecode.c.objc; name = "NSDictionary+AJSAdditions.m"; path = "../../Classes/NSDictionary+AJSAdditions.m"; sourceTree = "<group>"; };
		A1C42F14140005F400679749 /* ASICacheDelegate.h */ = {isa = PBXFileReference; fileEncoding = 4; lastKnownFileType = sourcecode.c.h; name = ASICacheDelegate.h; path = Classes/ASICacheDelegate.h; sourceTree = "<group>"; };
		A1C42F15140005F400679749 /* ASIDataCompressor.h */ = {isa = PBXFileReference; fileEncoding = 4; lastKnownFileType = sourcecode.c.h; name = ASIDataCompressor.h; path = Classes/ASIDataCompressor.h; sourceTree = "<group>"; };
		A1C42F16140005F400679749 /* ASIDataCompressor.m */ = {isa = PBXFileReference; fileEncoding = 4; lastKnownFileType = sourcecode.c.objc; name = ASIDataCompressor.m; path = Classes/ASIDataCompressor.m; sourceTree = "<group>"; };
		A1C42F17140005F400679749 /* ASIDataDecompressor.h */ = {isa = PBXFileReference; fileEncoding = 4; lastKnownFileType = sourcecode.c.h; name = ASIDataDecompressor.h; path = Classes/ASIDataDecompressor.h; sourceTree = "<group>"; };
		A1C42F18140005F400679749 /* ASIDataDecompressor.m */ = {isa = PBXFileReference; fileEncoding = 4; lastKnownFileType = sourcecode.c.objc; name = ASIDataDecompressor.m; path = Classes/ASIDataDecompressor.m; sourceTree = "<group>"; };
		A1C42F19140005F400679749 /* ASIDownloadCache.h */ = {isa = PBXFileReference; fileEncoding = 4; lastKnownFileType = sourcecode.c.h; name = ASIDownloadCache.h; path = Classes/ASIDownloadCache.h; sourceTree = "<group>"; };
		A1C42F1A140005F400679749 /* ASIDownloadCache.m */ = {isa = PBXFileReference; fileEncoding = 4; lastKnownFileType = sourcecode.c.objc; name = ASIDownloadCache.m; path = Classes/ASIDownloadCache.m; sourceTree = "<group>"; };
		A1C42F1B140005F400679749 /* ASIFormDataRequest.h */ = {isa = PBXFileReference; fileEncoding = 4; lastKnownFileType = sourcecode.c.h; name = ASIFormDataRequest.h; path = Classes/ASIFormDataRequest.h; sourceTree = "<group>"; };
		A1C42F1C140005F400679749 /* ASIFormDataRequest.m */ = {isa = PBXFileReference; fileEncoding = 4; lastKnownFileType = sourcecode.c.objc; name = ASIFormDataRequest.m; path = Classes/ASIFormDataRequest.m; sourceTree = "<group>"; };
		A1C42F1D140005F400679749 /* ASIHTTPRequest.h */ = {isa = PBXFileReference; fileEncoding = 4; lastKnownFileType = sourcecode.c.h; name = ASIHTTPRequest.h; path = Classes/ASIHTTPRequest.h; sourceTree = "<group>"; };
		A1C42F1E140005F400679749 /* ASIHTTPRequest.m */ = {isa = PBXFileReference; fileEncoding = 4; lastKnownFileType = sourcecode.c.objc; name = ASIHTTPRequest.m; path = Classes/ASIHTTPRequest.m; sourceTree = "<group>"; };
		A1C42F1F140005F400679749 /* ASIHTTPRequestConfig.h */ = {isa = PBXFileReference; fileEncoding = 4; lastKnownFileType = sourcecode.c.h; name = ASIHTTPRequestConfig.h; path = Classes/ASIHTTPRequestConfig.h; sourceTree = "<group>"; };
		A1C42F20140005F400679749 /* ASIHTTPRequestDelegate.h */ = {isa = PBXFileReference; fileEncoding = 4; lastKnownFileType = sourcecode.c.h; name = ASIHTTPRequestDelegate.h; path = Classes/ASIHTTPRequestDelegate.h; sourceTree = "<group>"; };
		A1C42F21140005F400679749 /* ASIInputStream.h */ = {isa = PBXFileReference; fileEncoding = 4; lastKnownFileType = sourcecode.c.h; name = ASIInputStream.h; path = Classes/ASIInputStream.h; sourceTree = "<group>"; };
		A1C42F22140005F400679749 /* ASIInputStream.m */ = {isa = PBXFileReference; fileEncoding = 4; lastKnownFileType = sourcecode.c.objc; name = ASIInputStream.m; path = Classes/ASIInputStream.m; sourceTree = "<group>"; };
		A1C42F23140005F400679749 /* ASINetworkQueue.h */ = {isa = PBXFileReference; fileEncoding = 4; lastKnownFileType = sourcecode.c.h; name = ASINetworkQueue.h; path = Classes/ASINetworkQueue.h; sourceTree = "<group>"; };
		A1C42F24140005F400679749 /* ASINetworkQueue.m */ = {isa = PBXFileReference; fileEncoding = 4; lastKnownFileType = sourcecode.c.objc; name = ASINetworkQueue.m; path = Classes/ASINetworkQueue.m; sourceTree = "<group>"; };
		A1C42F25140005F400679749 /* ASIProgressDelegate.h */ = {isa = PBXFileReference; fileEncoding = 4; lastKnownFileType = sourcecode.c.h; name = ASIProgressDelegate.h; path = Classes/ASIProgressDelegate.h; sourceTree = "<group>"; };
		A1C42FD1140005F400679749 /* NSObject+SBJson.h */ = {isa = PBXFileReference; fileEncoding = 4; lastKnownFileType = sourcecode.c.h; name = "NSObject+SBJson.h"; path = "Classes/NSObject+SBJson.h"; sourceTree = "<group>"; };
		A1C42FD2140005F400679749 /* NSObject+SBJson.m */ = {isa = PBXFileReference; fileEncoding = 4; lastKnownFileType = sourcecode.c.objc; name = "NSObject+SBJson.m"; path = "Classes/NSObject+SBJson.m"; sourceTree = "<group>"; };
		A1C42FD3140005F400679749 /* SBJson.h */ = {isa = PBXFileReference; fileEncoding = 4; lastKnownFileType = sourcecode.c.h; name = SBJson.h; path = Classes/SBJson.h; sourceTree = "<group>"; };
		A1C42FD4140005F400679749 /* SBJsonParser.h */ = {isa = PBXFileReference; fileEncoding = 4; lastKnownFileType = sourcecode.c.h; name = SBJsonParser.h; path = Classes/SBJsonParser.h; sourceTree = "<group>"; };
		A1C42FD5140005F400679749 /* SBJsonParser.m */ = {isa = PBXFileReference; fileEncoding = 4; lastKnownFileType = sourcecode.c.objc; name = SBJsonParser.m; path = Classes/SBJsonParser.m; sourceTree = "<group>"; };
		A1C42FD6140005F400679749 /* SBJsonStreamParser.h */ = {isa = PBXFileReference; fileEncoding = 4; lastKnownFileType = sourcecode.c.h; name = SBJsonStreamParser.h; path = Classes/SBJsonStreamParser.h; sourceTree = "<group>"; };
		A1C42FD7140005F400679749 /* SBJsonStreamParser.m */ = {isa = PBXFileReference; fileEncoding = 4; lastKnownFileType = sourcecode.c.objc; name = SBJsonStreamParser.m; path = Classes/SBJsonStreamParser.m; sourceTree = "<group>"; };
		A1C42FD8140005F400679749 /* SBJsonStreamParserAccumulator.h */ = {isa = PBXFileReference; fileEncoding = 4; lastKnownFileType = sourcecode.c.h; name = SBJsonStreamParserAccumulator.h; path = Classes/SBJsonStreamParserAccumulator.h; sourceTree = "<group>"; };
		A1C42FD9140005F400679749 /* SBJsonStreamParserAccumulator.m */ = {isa = PBXFileReference; fileEncoding = 4; lastKnownFileType = sourcecode.c.objc; name = SBJsonStreamParserAccumulator.m; path = Classes/SBJsonStreamParserAccumulator.m; sourceTree = "<group>"; };
		A1C42FDA140005F400679749 /* SBJsonStreamParserState.h */ = {isa = PBXFileReference; fileEncoding = 4; lastKnownFileType = sourcecode.c.h; name = SBJsonStreamParserState.h; path = Classes/SBJsonStreamParserState.h; sourceTree = "<group>"; };
		A1C42FDB140005F400679749 /* SBJsonStreamParserState.m */ = {isa = PBXFileReference; fileEncoding = 4; lastKnownFileType = sourcecode.c.objc; name = SBJsonStreamParserState.m; path = Classes/SBJsonStreamParserState.m; sourceTree = "<group>"; };
		A1C42FDC140005F400679749 /* SBJsonStreamWriter.h */ = {isa = PBXFileReference; fileEncoding = 4; lastKnownFileType = sourcecode.c.h; name = SBJsonStreamWriter.h; path = Classes/SBJsonStreamWriter.h; sourceTree = "<group>"; };
		A1C42FDD140005F400679749 /* SBJsonStreamWriter.m */ = {isa = PBXFileReference; fileEncoding = 4; lastKnownFileType = sourcecode.c.objc; name = SBJsonStreamWriter.m; path = Classes/SBJsonStreamWriter.m; sourceTree = "<group>"; };
		A1C42FDE140005F400679749 /* SBJsonStreamWriterAccumulator.h */ = {isa = PBXFileReference; fileEncoding = 4; lastKnownFileType = sourcecode.c.h; name = SBJsonStreamWriterAccumulator.h; path = Classes/SBJsonStreamWriterAccumulator.h; sourceTree = "<group>"; };
		A1C42FDF140005F400679749 /* SBJsonStreamWriterAccumulator.m */ = {isa = PBXFileReference; fileEncoding = 4; lastKnownFileType = sourcecode.c.objc; name = SBJsonStreamWriterAccumulator.m; path = Classes/SBJsonStreamWriterAccumulator.m; sourceTree = "<group>"; };
		A1C42FE0140005F400679749 /* SBJsonStreamWriterState.h */ = {isa = PBXFileReference; fileEncoding = 4; lastKnownFileType = sourcecode.c.h; name = SBJsonStreamWriterState.h; path = Classes/SBJsonStreamWriterState.h; sourceTree = "<group>"; };
		A1C42FE1140005F400679749 /* SBJsonStreamWriterState.m */ = {isa = PBXFileReference; fileEncoding = 4; lastKnownFileType = sourcecode.c.objc; name = SBJsonStreamWriterState.m; path = Classes/SBJsonStreamWriterState.m; sourceTree = "<group>"; };
		A1C42FE2140005F400679749 /* SBJsonTokeniser.h */ = {isa = PBXFileReference; fileEncoding = 4; lastKnownFileType = sourcecode.c.h; name = SBJsonTokeniser.h; path = Classes/SBJsonTokeniser.h; sourceTree = "<group>"; };
		A1C42FE3140005F400679749 /* SBJsonTokeniser.m */ = {isa = PBXFileReference; fileEncoding = 4; lastKnownFileType = sourcecode.c.objc; name = SBJsonTokeniser.m; path = Classes/SBJsonTokeniser.m; sourceTree = "<group>"; };
		A1C42FE4140005F400679749 /* SBJsonUTF8Stream.h */ = {isa = PBXFileReference; fileEncoding = 4; lastKnownFileType = sourcecode.c.h; name = SBJsonUTF8Stream.h; path = Classes/SBJsonUTF8Stream.h; sourceTree = "<group>"; };
		A1C42FE5140005F400679749 /* SBJsonUTF8Stream.m */ = {isa = PBXFileReference; fileEncoding = 4; lastKnownFileType = sourcecode.c.objc; name = SBJsonUTF8Stream.m; path = Classes/SBJsonUTF8Stream.m; sourceTree = "<group>"; };
		A1C42FE6140005F400679749 /* SBJsonWriter.h */ = {isa = PBXFileReference; fileEncoding = 4; lastKnownFileType = sourcecode.c.h; name = SBJsonWriter.h; path = Classes/SBJsonWriter.h; sourceTree = "<group>"; };
		A1C42FE7140005F400679749 /* SBJsonWriter.m */ = {isa = PBXFileReference; fileEncoding = 4; lastKnownFileType = sourcecode.c.objc; name = SBJsonWriter.m; path = Classes/SBJsonWriter.m; sourceTree = "<group>"; };
		A1C4334A140006FA00679749 /* NSString+AJSAdditions.h */ = {isa = PBXFileReference; fileEncoding = 4; lastKnownFileType = sourcecode.c.h; name = "NSString+AJSAdditions.h"; path = "../../Classes/NSString+AJSAdditions.h"; sourceTree = "<group>"; };
		A1C4334B140006FA00679749 /* NSString+AJSAdditions.m */ = {isa = PBXFileReference; fileEncoding = 4; lastKnownFileType = sourcecode.c.objc; name = "NSString+AJSAdditions.m"; path = "../../Classes/NSString+AJSAdditions.m"; sourceTree = "<group>"; };
		A1C4334D1400113A00679749 /* ExampleTableViewController.h */ = {isa = PBXFileReference; fileEncoding = 4; lastKnownFileType = sourcecode.c.h; path = ExampleTableViewController.h; sourceTree = "<group>"; };
		A1C4334E1400113A00679749 /* ExampleTableViewController.m */ = {isa = PBXFileReference; fileEncoding = 4; lastKnownFileType = sourcecode.c.objc; path = ExampleTableViewController.m; sourceTree = "<group>"; };
		A1C4334F1400113A00679749 /* ExampleTableViewController.xib */ = {isa = PBXFileReference; fileEncoding = 4; lastKnownFileType = file.xib; path = ExampleTableViewController.xib; sourceTree = "<group>"; };
		A1C43352140014DD00679749 /* CFNetwork.framework */ = {isa = PBXFileReference; lastKnownFileType = wrapper.framework; name = CFNetwork.framework; path = System/Library/Frameworks/CFNetwork.framework; sourceTree = SDKROOT; };
		A1C43354140014DD00679749 /* MobileCoreServices.framework */ = {isa = PBXFileReference; lastKnownFileType = wrapper.framework; name = MobileCoreServices.framework; path = System/Library/Frameworks/MobileCoreServices.framework; sourceTree = SDKROOT; };
		A1C43355140014DD00679749 /* SystemConfiguration.framework */ = {isa = PBXFileReference; lastKnownFileType = wrapper.framework; name = SystemConfiguration.framework; path = System/Library/Frameworks/SystemConfiguration.framework; sourceTree = SDKROOT; };
		A1C4335B140014F700679749 /* Reachability.h */ = {isa = PBXFileReference; fileEncoding = 4; lastKnownFileType = sourcecode.c.h; path = Reachability.h; sourceTree = "<group>"; };
		A1C4335C140014F700679749 /* Reachability.m */ = {isa = PBXFileReference; fileEncoding = 4; lastKnownFileType = sourcecode.c.objc; path = Reachability.m; sourceTree = "<group>"; };
		A1C4335E1400151500679749 /* ASIAuthenticationDialog.h */ = {isa = PBXFileReference; fileEncoding = 4; lastKnownFileType = sourcecode.c.h; name = ASIAuthenticationDialog.h; path = Classes/ASIAuthenticationDialog.h; sourceTree = "<group>"; };
		A1C4335F1400151500679749 /* ASIAuthenticationDialog.m */ = {isa = PBXFileReference; fileEncoding = 4; lastKnownFileType = sourcecode.c.objc; name = ASIAuthenticationDialog.m; path = Classes/ASIAuthenticationDialog.m; sourceTree = "<group>"; };
		A1C4336114001F0000679749 /* ISO8601DateFormatter.h */ = {isa = PBXFileReference; fileEncoding = 4; lastKnownFileType = sourcecode.c.h; name = ISO8601DateFormatter.h; path = "ISO8601 Parser/ISO8601DateFormatter.h"; sourceTree = "<group>"; };
		A1C4336214001F0000679749 /* ISO8601DateFormatter.m */ = {isa = PBXFileReference; fileEncoding = 4; lastKnownFileType = sourcecode.c.objc; name = ISO8601DateFormatter.m; path = "ISO8601 Parser/ISO8601DateFormatter.m"; sourceTree = "<group>"; };
		A1C4336314001F0000679749 /* LICENSE.txt */ = {isa = PBXFileReference; fileEncoding = 4; lastKnownFileType = text; name = LICENSE.txt; path = "ISO8601 Parser/LICENSE.txt"; sourceTree = "<group>"; };
		A1FD1BEC145E059800AC52AF /* libz.1.2.5.dylib */ = {isa = PBXFileReference; lastKnownFileType = "compiled.mach-o.dylib"; name = libz.1.2.5.dylib; path = usr/lib/libz.1.2.5.dylib; sourceTree = SDKROOT; };
/* End PBXFileReference section */

/* Begin PBXFrameworksBuildPhase section */
		A1C42E9D13FFD90000679749 /* Frameworks */ = {
			isa = PBXFrameworksBuildPhase;
			buildActionMask = 2147483647;
			files = (
				A1FD1BED145E059800AC52AF /* libz.1.2.5.dylib in Frameworks */,
				A1C43356140014DD00679749 /* CFNetwork.framework in Frameworks */,
				A1C43358140014DD00679749 /* MobileCoreServices.framework in Frameworks */,
				A1C43359140014DD00679749 /* SystemConfiguration.framework in Frameworks */,
				A1C42EA513FFD90100679749 /* UIKit.framework in Frameworks */,
				A1C42EA713FFD90100679749 /* Foundation.framework in Frameworks */,
				A1C42EA913FFD90100679749 /* CoreGraphics.framework in Frameworks */,
			);
			runOnlyForDeploymentPostprocessing = 0;
		};
		A1C42EBA13FFD90100679749 /* Frameworks */ = {
			isa = PBXFrameworksBuildPhase;
			buildActionMask = 2147483647;
			files = (
				A1C42EC013FFD90100679749 /* SenTestingKit.framework in Frameworks */,
				A1C42EC113FFD90100679749 /* UIKit.framework in Frameworks */,
				A1C42EC213FFD90100679749 /* Foundation.framework in Frameworks */,
				A1C42EC313FFD90100679749 /* CoreGraphics.framework in Frameworks */,
			);
			runOnlyForDeploymentPostprocessing = 0;
		};
/* End PBXFrameworksBuildPhase section */

/* Begin PBXGroup section */
		A1C42E9513FFD90000679749 = {
			isa = PBXGroup;
			children = (
				A1C42ED813FFD93D00679749 /* Classes */,
				A1C42EC613FFD90100679749 /* ExampleTests */,
				A1C42EA313FFD90000679749 /* Frameworks */,
				A1C42EA113FFD90000679749 /* Products */,
			);
			sourceTree = "<group>";
		};
		A1C42EA113FFD90000679749 /* Products */ = {
			isa = PBXGroup;
			children = (
				A1C42EA013FFD90000679749 /* Example.app */,
				A1C42EBE13FFD90100679749 /* ExampleTests.octest */,
			);
			name = Products;
			sourceTree = "<group>";
		};
		A1C42EA313FFD90000679749 /* Frameworks */ = {
			isa = PBXGroup;
			children = (
				A1FD1BEC145E059800AC52AF /* libz.1.2.5.dylib */,
				A1C43352140014DD00679749 /* CFNetwork.framework */,
				A1C43354140014DD00679749 /* MobileCoreServices.framework */,
				A1C43355140014DD00679749 /* SystemConfiguration.framework */,
				A1C42EA413FFD90100679749 /* UIKit.framework */,
				A1C42EA613FFD90100679749 /* Foundation.framework */,
				A1C42EA813FFD90100679749 /* CoreGraphics.framework */,
				A1C42EBF13FFD90100679749 /* SenTestingKit.framework */,
			);
			name = Frameworks;
			sourceTree = "<group>";
		};
		A1C42EAA13FFD90100679749 /* ExampleApp */ = {
			isa = PBXGroup;
			children = (
				A1C42EB313FFD90100679749 /* ExampleAppDelegate.h */,
				A1C42EB413FFD90100679749 /* ExampleAppDelegate.m */,
				A1C42EB613FFD90100679749 /* MainWindow.xib */,
				A1C42EAB13FFD90100679749 /* Supporting Files */,
				A1C4334D1400113A00679749 /* ExampleTableViewController.h */,
				A1C4334E1400113A00679749 /* ExampleTableViewController.m */,
				A1C4334F1400113A00679749 /* ExampleTableViewController.xib */,
			);
			name = ExampleApp;
			sourceTree = "<group>";
		};
		A1C42EAB13FFD90100679749 /* Supporting Files */ = {
			isa = PBXGroup;
			children = (
				A1C42EAC13FFD90100679749 /* Example-Info.plist */,
				A1C42EAD13FFD90100679749 /* InfoPlist.strings */,
				A1C42EB013FFD90100679749 /* main.m */,
				A1C42EB213FFD90100679749 /* Example-Prefix.pch */,
			);
			name = "Supporting Files";
			sourceTree = "<group>";
		};
		A1C42EC613FFD90100679749 /* ExampleTests */ = {
			isa = PBXGroup;
			children = (
				A1C42ECC13FFD90100679749 /* ExampleTests.h */,
				A1C42ECE13FFD90100679749 /* ExampleTests.m */,
				A1C42EC713FFD90100679749 /* Supporting Files */,
			);
			path = ExampleTests;
			sourceTree = "<group>";
		};
		A1C42EC713FFD90100679749 /* Supporting Files */ = {
			isa = PBXGroup;
			children = (
				A1C42EC813FFD90100679749 /* ExampleTests-Info.plist */,
				A1C42EC913FFD90100679749 /* InfoPlist.strings */,
			);
			name = "Supporting Files";
			sourceTree = "<group>";
		};
		A1C42ED813FFD93D00679749 /* Classes */ = {
			isa = PBXGroup;
			children = (
				A1C42EE4140005F400679749 /* External */,
				A1C42ED913FFD94800679749 /* AJSiTunesAPI */,
				A1C42EAA13FFD90100679749 /* ExampleApp */,
			);
			name = Classes;
			path = Example;
			sourceTree = "<group>";
		};
		A1C42ED913FFD94800679749 /* AJSiTunesAPI */ = {
			isa = PBXGroup;
			children = (
				A1C43349140006BC00679749 /* Categories */,
				A1C42EDA13FFD9D600679749 /* AJSiTunesAPI.h */,
				A1C42EDB13FFD9D600679749 /* AJSiTunesAPI.m */,
				A1C42EDC13FFD9D600679749 /* AJSiTunesAPIDelegate.h */,
				A1C42EDD13FFD9D600679749 /* AJSiTunesResult.h */,
				A1C42EDE13FFD9D600679749 /* AJSiTunesResult.m */,
			);
			name = AJSiTunesAPI;
			sourceTree = "<group>";
		};
		A1C42EE4140005F400679749 /* External */ = {
			isa = PBXGroup;
			children = (
				A1C4336614001F0300679749 /* ISO8601 Parser */,
				A1C42EE5140005F400679749 /* ASIHTTPRequest */,
				A1C42FA8140005F400679749 /* JSON */,
			);
			name = External;
			path = ../../External;
			sourceTree = "<group>";
		};
		A1C42EE5140005F400679749 /* ASIHTTPRequest */ = {
			isa = PBXGroup;
			children = (
				A1C4335A140014F700679749 /* Reachability */,
				A1C42F14140005F400679749 /* ASICacheDelegate.h */,
				A1C42F15140005F400679749 /* ASIDataCompressor.h */,
				A1C4335E1400151500679749 /* ASIAuthenticationDialog.h */,
				A1C4335F1400151500679749 /* ASIAuthenticationDialog.m */,
				A1C42F16140005F400679749 /* ASIDataCompressor.m */,
				A1C42F17140005F400679749 /* ASIDataDecompressor.h */,
				A1C42F18140005F400679749 /* ASIDataDecompressor.m */,
				A1C42F19140005F400679749 /* ASIDownloadCache.h */,
				A1C42F1A140005F400679749 /* ASIDownloadCache.m */,
				A1C42F1B140005F400679749 /* ASIFormDataRequest.h */,
				A1C42F1C140005F400679749 /* ASIFormDataRequest.m */,
				A1C42F1D140005F400679749 /* ASIHTTPRequest.h */,
				A1C42F1E140005F400679749 /* ASIHTTPRequest.m */,
				A1C42F1F140005F400679749 /* ASIHTTPRequestConfig.h */,
				A1C42F20140005F400679749 /* ASIHTTPRequestDelegate.h */,
				A1C42F21140005F400679749 /* ASIInputStream.h */,
				A1C42F22140005F400679749 /* ASIInputStream.m */,
				A1C42F23140005F400679749 /* ASINetworkQueue.h */,
				A1C42F24140005F400679749 /* ASINetworkQueue.m */,
				A1C42F25140005F400679749 /* ASIProgressDelegate.h */,
			);
			path = ASIHTTPRequest;
			sourceTree = "<group>";
		};
		A1C42FA8140005F400679749 /* JSON */ = {
			isa = PBXGroup;
			children = (
				A1C42FD1140005F400679749 /* NSObject+SBJson.h */,
				A1C42FD2140005F400679749 /* NSObject+SBJson.m */,
				A1C42FD3140005F400679749 /* SBJson.h */,
				A1C42FD4140005F400679749 /* SBJsonParser.h */,
				A1C42FD5140005F400679749 /* SBJsonParser.m */,
				A1C42FD6140005F400679749 /* SBJsonStreamParser.h */,
				A1C42FD7140005F400679749 /* SBJsonStreamParser.m */,
				A1C42FD8140005F400679749 /* SBJsonStreamParserAccumulator.h */,
				A1C42FD9140005F400679749 /* SBJsonStreamParserAccumulator.m */,
				A1C42FDA140005F400679749 /* SBJsonStreamParserState.h */,
				A1C42FDB140005F400679749 /* SBJsonStreamParserState.m */,
				A1C42FDC140005F400679749 /* SBJsonStreamWriter.h */,
				A1C42FDD140005F400679749 /* SBJsonStreamWriter.m */,
				A1C42FDE140005F400679749 /* SBJsonStreamWriterAccumulator.h */,
				A1C42FDF140005F400679749 /* SBJsonStreamWriterAccumulator.m */,
				A1C42FE0140005F400679749 /* SBJsonStreamWriterState.h */,
				A1C42FE1140005F400679749 /* SBJsonStreamWriterState.m */,
				A1C42FE2140005F400679749 /* SBJsonTokeniser.h */,
				A1C42FE3140005F400679749 /* SBJsonTokeniser.m */,
				A1C42FE4140005F400679749 /* SBJsonUTF8Stream.h */,
				A1C42FE5140005F400679749 /* SBJsonUTF8Stream.m */,
				A1C42FE6140005F400679749 /* SBJsonWriter.h */,
				A1C42FE7140005F400679749 /* SBJsonWriter.m */,
			);
			path = JSON;
			sourceTree = "<group>";
		};
		A1C43349140006BC00679749 /* Categories */ = {
			isa = PBXGroup;
			children = (
				A1C42EDF13FFD9D600679749 /* NSDictionary+AJSAdditions.h */,
				A1C42EE013FFD9D600679749 /* NSDictionary+AJSAdditions.m */,
				A1C4334A140006FA00679749 /* NSString+AJSAdditions.h */,
				A1C4334B140006FA00679749 /* NSString+AJSAdditions.m */,
			);
			name = Categories;
			sourceTree = "<group>";
		};
		A1C4335A140014F700679749 /* Reachability */ = {
			isa = PBXGroup;
			children = (
				A1C4335B140014F700679749 /* Reachability.h */,
				A1C4335C140014F700679749 /* Reachability.m */,
			);
			name = Reachability;
			path = External/Reachability;
			sourceTree = "<group>";
		};
		A1C4336614001F0300679749 /* ISO8601 Parser */ = {
			isa = PBXGroup;
			children = (
				A1C4336114001F0000679749 /* ISO8601DateFormatter.h */,
				A1C4336214001F0000679749 /* ISO8601DateFormatter.m */,
				A1C4336314001F0000679749 /* LICENSE.txt */,
			);
			name = "ISO8601 Parser";
			sourceTree = "<group>";
		};
/* End PBXGroup section */

/* Begin PBXNativeTarget section */
		A1C42E9F13FFD90000679749 /* Example */ = {
			isa = PBXNativeTarget;
			buildConfigurationList = A1C42ED213FFD90100679749 /* Build configuration list for PBXNativeTarget "Example" */;
			buildPhases = (
				A1C42E9C13FFD90000679749 /* Sources */,
				A1C42E9D13FFD90000679749 /* Frameworks */,
				A1C42E9E13FFD90000679749 /* Resources */,
			);
			buildRules = (
			);
			dependencies = (
			);
			name = Example;
			productName = Example;
			productReference = A1C42EA013FFD90000679749 /* Example.app */;
			productType = "com.apple.product-type.application";
		};
		A1C42EBD13FFD90100679749 /* ExampleTests */ = {
			isa = PBXNativeTarget;
			buildConfigurationList = A1C42ED513FFD90100679749 /* Build configuration list for PBXNativeTarget "ExampleTests" */;
			buildPhases = (
				A1C42EB913FFD90100679749 /* Sources */,
				A1C42EBA13FFD90100679749 /* Frameworks */,
				A1C42EBB13FFD90100679749 /* Resources */,
				A1C42EBC13FFD90100679749 /* ShellScript */,
			);
			buildRules = (
			);
			dependencies = (
				A1C42EC513FFD90100679749 /* PBXTargetDependency */,
			);
			name = ExampleTests;
			productName = ExampleTests;
			productReference = A1C42EBE13FFD90100679749 /* ExampleTests.octest */;
			productType = "com.apple.product-type.bundle";
		};
/* End PBXNativeTarget section */

/* Begin PBXProject section */
		A1C42E9713FFD90000679749 /* Project object */ = {
			isa = PBXProject;
			attributes = {
				LastUpgradeCheck = 0420;
				ORGANIZATIONNAME = "Andy Smart";
			};
			buildConfigurationList = A1C42E9A13FFD90000679749 /* Build configuration list for PBXProject "Example" */;
			compatibilityVersion = "Xcode 3.2";
			developmentRegion = English;
			hasScannedForEncodings = 0;
			knownRegions = (
				en,
				English,
			);
			mainGroup = A1C42E9513FFD90000679749;
			productRefGroup = A1C42EA113FFD90000679749 /* Products */;
			projectDirPath = "";
			projectRoot = "";
			targets = (
				A1C42E9F13FFD90000679749 /* Example */,
				A1C42EBD13FFD90100679749 /* ExampleTests */,
			);
		};
/* End PBXProject section */

/* Begin PBXResourcesBuildPhase section */
		A1C42E9E13FFD90000679749 /* Resources */ = {
			isa = PBXResourcesBuildPhase;
			buildActionMask = 2147483647;
			files = (
				A1C42EAF13FFD90100679749 /* InfoPlist.strings in Resources */,
				A1C42EB813FFD90100679749 /* MainWindow.xib in Resources */,
				A1C433511400113A00679749 /* ExampleTableViewController.xib in Resources */,
				A1C4336514001F0000679749 /* LICENSE.txt in Resources */,
			);
			runOnlyForDeploymentPostprocessing = 0;
		};
		A1C42EBB13FFD90100679749 /* Resources */ = {
			isa = PBXResourcesBuildPhase;
			buildActionMask = 2147483647;
			files = (
				A1C42ECB13FFD90100679749 /* InfoPlist.strings in Resources */,
				A1C42ECD13FFD90100679749 /* ExampleTests.h in Resources */,
			);
			runOnlyForDeploymentPostprocessing = 0;
		};
/* End PBXResourcesBuildPhase section */

/* Begin PBXShellScriptBuildPhase section */
		A1C42EBC13FFD90100679749 /* ShellScript */ = {
			isa = PBXShellScriptBuildPhase;
			buildActionMask = 2147483647;
			files = (
			);
			inputPaths = (
			);
			outputPaths = (
			);
			runOnlyForDeploymentPostprocessing = 0;
			shellPath = /bin/sh;
			shellScript = "# Run the unit tests in this test bundle.\n\"${SYSTEM_DEVELOPER_DIR}/Tools/RunUnitTests\"\n";
		};
/* End PBXShellScriptBuildPhase section */

/* Begin PBXSourcesBuildPhase section */
		A1C42E9C13FFD90000679749 /* Sources */ = {
			isa = PBXSourcesBuildPhase;
			buildActionMask = 2147483647;
			files = (
				A1C42EB113FFD90100679749 /* main.m in Sources */,
				A1C42EB513FFD90100679749 /* ExampleAppDelegate.m in Sources */,
				A1C42EE113FFD9D600679749 /* AJSiTunesAPI.m in Sources */,
				A1C42EE213FFD9D600679749 /* AJSiTunesResult.m in Sources */,
				A1C42EE313FFD9D600679749 /* NSDictionary+AJSAdditions.m in Sources */,
				A1C431A1140005F600679749 /* ASIDataCompressor.m in Sources */,
				A1C431A2140005F600679749 /* ASIDataDecompressor.m in Sources */,
				A1C431A3140005F600679749 /* ASIDownloadCache.m in Sources */,
				A1C431A4140005F600679749 /* ASIFormDataRequest.m in Sources */,
				A1C431A5140005F600679749 /* ASIHTTPRequest.m in Sources */,
				A1C431A6140005F600679749 /* ASIInputStream.m in Sources */,
				A1C431A7140005F600679749 /* ASINetworkQueue.m in Sources */,
				A1C43202140005F600679749 /* NSObject+SBJson.m in Sources */,
				A1C43203140005F600679749 /* SBJsonParser.m in Sources */,
				A1C43204140005F600679749 /* SBJsonStreamParser.m in Sources */,
				A1C43205140005F600679749 /* SBJsonStreamParserAccumulator.m in Sources */,
				A1C43206140005F600679749 /* SBJsonStreamParserState.m in Sources */,
				A1C43207140005F600679749 /* SBJsonStreamWriter.m in Sources */,
				A1C43208140005F600679749 /* SBJsonStreamWriterAccumulator.m in Sources */,
				A1C43209140005F600679749 /* SBJsonStreamWriterState.m in Sources */,
				A1C4320A140005F600679749 /* SBJsonTokeniser.m in Sources */,
				A1C4320B140005F600679749 /* SBJsonUTF8Stream.m in Sources */,
				A1C4320C140005F600679749 /* SBJsonWriter.m in Sources */,
				A1C4334C140006FA00679749 /* NSString+AJSAdditions.m in Sources */,
				A1C433501400113A00679749 /* ExampleTableViewController.m in Sources */,
				A1C4335D140014F700679749 /* Reachability.m in Sources */,
				A1C433601400151500679749 /* ASIAuthenticationDialog.m in Sources */,
				A1C4336414001F0000679749 /* ISO8601DateFormatter.m in Sources */,
			);
			runOnlyForDeploymentPostprocessing = 0;
		};
		A1C42EB913FFD90100679749 /* Sources */ = {
			isa = PBXSourcesBuildPhase;
			buildActionMask = 2147483647;
			files = (
				A1C42ECF13FFD90100679749 /* ExampleTests.m in Sources */,
			);
			runOnlyForDeploymentPostprocessing = 0;
		};
/* End PBXSourcesBuildPhase section */

/* Begin PBXTargetDependency section */
		A1C42EC513FFD90100679749 /* PBXTargetDependency */ = {
			isa = PBXTargetDependency;
			target = A1C42E9F13FFD90000679749 /* Example */;
			targetProxy = A1C42EC413FFD90100679749 /* PBXContainerItemProxy */;
		};
/* End PBXTargetDependency section */

/* Begin PBXVariantGroup section */
		A1C42EAD13FFD90100679749 /* InfoPlist.strings */ = {
			isa = PBXVariantGroup;
			children = (
				A1C42EAE13FFD90100679749 /* en */,
			);
			name = InfoPlist.strings;
			sourceTree = "<group>";
		};
		A1C42EB613FFD90100679749 /* MainWindow.xib */ = {
			isa = PBXVariantGroup;
			children = (
				A1C42EB713FFD90100679749 /* en */,
			);
			name = MainWindow.xib;
			sourceTree = "<group>";
		};
		A1C42EC913FFD90100679749 /* InfoPlist.strings */ = {
			isa = PBXVariantGroup;
			children = (
				A1C42ECA13FFD90100679749 /* en */,
			);
			name = InfoPlist.strings;
			sourceTree = "<group>";
		};
/* End PBXVariantGroup section */

/* Begin XCBuildConfiguration section */
		A1C42ED013FFD90100679749 /* Debug */ = {
			isa = XCBuildConfiguration;
			buildSettings = {
				ALWAYS_SEARCH_USER_PATHS = NO;
				ARCHS = "$(ARCHS_STANDARD_32_BIT)";
				"CODE_SIGN_IDENTITY[sdk=iphoneos*]" = "iPhone Developer";
				COPY_PHASE_STRIP = NO;
				GCC_C_LANGUAGE_STANDARD = gnu99;
				GCC_DYNAMIC_NO_PIC = NO;
				GCC_OPTIMIZATION_LEVEL = 0;
				GCC_PREPROCESSOR_DEFINITIONS = (
					"DEBUG=1",
					"$(inherited)",
				);
				GCC_SYMBOLS_PRIVATE_EXTERN = NO;
				GCC_VERSION = com.apple.compilers.llvmgcc42;
				GCC_WARN_ABOUT_MISSING_PROTOTYPES = YES;
				GCC_WARN_ABOUT_RETURN_TYPE = YES;
				GCC_WARN_UNUSED_VARIABLE = YES;
				IPHONEOS_DEPLOYMENT_TARGET = 4.3;
				SDKROOT = iphoneos;
			};
			name = Debug;
		};
		A1C42ED113FFD90100679749 /* Release */ = {
			isa = XCBuildConfiguration;
			buildSettings = {
				ALWAYS_SEARCH_USER_PATHS = NO;
				ARCHS = "$(ARCHS_STANDARD_32_BIT)";
				"CODE_SIGN_IDENTITY[sdk=iphoneos*]" = "iPhone Developer";
				COPY_PHASE_STRIP = YES;
				GCC_C_LANGUAGE_STANDARD = gnu99;
				GCC_VERSION = com.apple.compilers.llvmgcc42;
				GCC_WARN_ABOUT_MISSING_PROTOTYPES = YES;
				GCC_WARN_ABOUT_RETURN_TYPE = YES;
				GCC_WARN_UNUSED_VARIABLE = YES;
				IPHONEOS_DEPLOYMENT_TARGET = 4.3;
				OTHER_CFLAGS = "-DNS_BLOCK_ASSERTIONS=1";
				SDKROOT = iphoneos;
				VALIDATE_PRODUCT = YES;
			};
			name = Release;
		};
		A1C42ED313FFD90100679749 /* Debug */ = {
			isa = XCBuildConfiguration;
			buildSettings = {
				GCC_PRECOMPILE_PREFIX_HEADER = YES;
				GCC_PREFIX_HEADER = "Example/Example-Prefix.pch";
				GCC_VERSION = com.apple.compilers.llvm.clang.1_0;
				INFOPLIST_FILE = "Example/Example-Info.plist";
				PRODUCT_NAME = "$(TARGET_NAME)";
				WRAPPER_EXTENSION = app;
			};
			name = Debug;
		};
		A1C42ED413FFD90100679749 /* Release */ = {
			isa = XCBuildConfiguration;
			buildSettings = {
				GCC_PRECOMPILE_PREFIX_HEADER = YES;
				GCC_PREFIX_HEADER = "Example/Example-Prefix.pch";
				GCC_VERSION = com.apple.compilers.llvm.clang.1_0;
				INFOPLIST_FILE = "Example/Example-Info.plist";
				PRODUCT_NAME = "$(TARGET_NAME)";
				WRAPPER_EXTENSION = app;
			};
			name = Release;
		};
		A1C42ED613FFD90100679749 /* Debug */ = {
			isa = XCBuildConfiguration;
			buildSettings = {
				BUNDLE_LOADER = "$(BUILT_PRODUCTS_DIR)/Example.app/Example";
				FRAMEWORK_SEARCH_PATHS = (
					"$(SDKROOT)/Developer/Library/Frameworks",
					"$(DEVELOPER_LIBRARY_DIR)/Frameworks",
				);
				GCC_PRECOMPILE_PREFIX_HEADER = YES;
				GCC_PREFIX_HEADER = "Example/Example-Prefix.pch";
				GCC_VERSION = com.apple.compilers.llvm.clang.1_0;
				INFOPLIST_FILE = "ExampleTests/ExampleTests-Info.plist";
				PRODUCT_NAME = "$(TARGET_NAME)";
				TEST_HOST = "$(BUNDLE_LOADER)";
				WRAPPER_EXTENSION = octest;
			};
			name = Debug;
		};
		A1C42ED713FFD90100679749 /* Release */ = {
			isa = XCBuildConfiguration;
			buildSettings = {
				BUNDLE_LOADER = "$(BUILT_PRODUCTS_DIR)/Example.app/Example";
				FRAMEWORK_SEARCH_PATHS = (
					"$(SDKROOT)/Developer/Library/Frameworks",
					"$(DEVELOPER_LIBRARY_DIR)/Frameworks",
				);
				GCC_PRECOMPILE_PREFIX_HEADER = YES;
				GCC_PREFIX_HEADER = "Example/Example-Prefix.pch";
				GCC_VERSION = com.apple.compilers.llvm.clang.1_0;
				INFOPLIST_FILE = "ExampleTests/ExampleTests-Info.plist";
				PRODUCT_NAME = "$(TARGET_NAME)";
				TEST_HOST = "$(BUNDLE_LOADER)";
				WRAPPER_EXTENSION = octest;
			};
			name = Release;
		};
/* End XCBuildConfiguration section */

/* Begin XCConfigurationList section */
		A1C42E9A13FFD90000679749 /* Build configuration list for PBXProject "Example" */ = {
			isa = XCConfigurationList;
			buildConfigurations = (
				A1C42ED013FFD90100679749 /* Debug */,
				A1C42ED113FFD90100679749 /* Release */,
			);
			defaultConfigurationIsVisible = 0;
			defaultConfigurationName = Release;
		};
		A1C42ED213FFD90100679749 /* Build configuration list for PBXNativeTarget "Example" */ = {
			isa = XCConfigurationList;
			buildConfigurations = (
				A1C42ED313FFD90100679749 /* Debug */,
				A1C42ED413FFD90100679749 /* Release */,
			);
			defaultConfigurationIsVisible = 0;
			defaultConfigurationName = Release;
		};
		A1C42ED513FFD90100679749 /* Build configuration list for PBXNativeTarget "ExampleTests" */ = {
			isa = XCConfigurationList;
			buildConfigurations = (
				A1C42ED613FFD90100679749 /* Debug */,
				A1C42ED713FFD90100679749 /* Release */,
			);
			defaultConfigurationIsVisible = 0;
			defaultConfigurationName = Release;
		};
/* End XCConfigurationList section */
	};
	rootObject = A1C42E9713FFD90000679749 /* Project object */;
}
